
Microsoft Visual Studio Solution File, Format Version 12.00
# Visual Studio Version 16
VisualStudioVersion = 16.0.29230.47
MinimumVisualStudioVersion = 10.0.40219.1
Project("{FAE04EC0-301F-11D3-BF4B-00C04F79EFBC}") = "EntityFrameworkCoreSample", "EntityFrameworkCoreSample.csproj", "{CE498BA5-42EC-4277-BFC9-97D4D03242C7}"
EndProject
Global
	GlobalSection(SolutionConfigurationPlatforms) = preSolution
		Debug|Any CPU = Debug|Any CPU
		Release|Any CPU = Release|Any CPU
	EndGlobalSection
	GlobalSection(ProjectConfigurationPlatforms) = postSolution
		{CE498BA5-42EC-4277-BFC9-97D4D03242C7}.Debug|Any CPU.ActiveCfg = Debug|Any CPU
		{CE498BA5-42EC-4277-BFC9-97D4D03242C7}.Debug|Any CPU.Build.0 = Debug|Any CPU
		{CE498BA5-42EC-4277-BFC9-97D4D03242C7}.Release|Any CPU.ActiveCfg = Release|Any CPU
		{CE498BA5-42EC-4277-BFC9-97D4D03242C7}.Release|Any CPU.Build.0 = Release|Any CPU
	EndGlobalSection
	GlobalSection(SolutionProperties) = preSolution
		HideSolutionNode = FALSE
	EndGlobalSection
	GlobalSection(ExtensibilityGlobals) = postSolution
		SolutionGuid = {2B5326D7-2C67-4DEF-8C70-1650044CD433}
	EndGlobalSection
EndGlobal
